// !$*UTF8*$!
{
	archiveVersion = 1;
	classes = {
	};
	objectVersion = 50;
	objects = {

/* Begin PBXBuildFile section */
		9029F9B924124D6600E5A8ED /* TicTacToeModel.swift in Sources */ = {isa = PBXBuildFile; fileRef = 9029F9B824124D6600E5A8ED /* TicTacToeModel.swift */; };
		90BEE6E92410C96F00D6138C /* AppDelegate.swift in Sources */ = {isa = PBXBuildFile; fileRef = 90BEE6E82410C96F00D6138C /* AppDelegate.swift */; };
		90BEE6EB2410C96F00D6138C /* SceneDelegate.swift in Sources */ = {isa = PBXBuildFile; fileRef = 90BEE6EA2410C96F00D6138C /* SceneDelegate.swift */; };
		90BEE6F02410C96F00D6138C /* Main.storyboard in Resources */ = {isa = PBXBuildFile; fileRef = 90BEE6EE2410C96F00D6138C /* Main.storyboard */; };
		90BEE6F22410C98200D6138C /* Assets.xcassets in Resources */ = {isa = PBXBuildFile; fileRef = 90BEE6F12410C98200D6138C /* Assets.xcassets */; };
		90BEE6F52410C98200D6138C /* LaunchScreen.storyboard in Resources */ = {isa = PBXBuildFile; fileRef = 90BEE6F32410C98200D6138C /* LaunchScreen.storyboard */; };
		90BEE7002410C98200D6138C /* TicTacToeTests.swift in Sources */ = {isa = PBXBuildFile; fileRef = 90BEE6FF2410C98200D6138C /* TicTacToeTests.swift */; };
		90BEE70B2410C98200D6138C /* TicTacToeUITests.swift in Sources */ = {isa = PBXBuildFile; fileRef = 90BEE70A2410C98200D6138C /* TicTacToeUITests.swift */; };
		90BEE7192410DE3200D6138C /* HomeViewController.swift in Sources */ = {isa = PBXBuildFile; fileRef = 90BEE7182410DE3200D6138C /* HomeViewController.swift */; };
		90BEE71B2410F93800D6138C /* TTTCell.swift in Sources */ = {isa = PBXBuildFile; fileRef = 90BEE71A2410F93800D6138C /* TTTCell.swift */; };
		90BEE71D2410FB0E00D6138C /* TTTViewController.swift in Sources */ = {isa = PBXBuildFile; fileRef = 90BEE71C2410FB0E00D6138C /* TTTViewController.swift */; };
/* End PBXBuildFile section */

/* Begin PBXContainerItemProxy section */
		90BEE6FC2410C98200D6138C /* PBXContainerItemProxy */ = {
			isa = PBXContainerItemProxy;
			containerPortal = 90BEE6DD2410C96F00D6138C /* Project object */;
			proxyType = 1;
			remoteGlobalIDString = 90BEE6E42410C96F00D6138C;
			remoteInfo = TicTacToe;
		};
		90BEE7072410C98200D6138C /* PBXContainerItemProxy */ = {
			isa = PBXContainerItemProxy;
			containerPortal = 90BEE6DD2410C96F00D6138C /* Project object */;
			proxyType = 1;
			remoteGlobalIDString = 90BEE6E42410C96F00D6138C;
			remoteInfo = TicTacToe;
		};
/* End PBXContainerItemProxy section */

/* Begin PBXFileReference section */
		9029F9B824124D6600E5A8ED /* TicTacToeModel.swift */ = {isa = PBXFileReference; lastKnownFileType = sourcecode.swift; path = TicTacToeModel.swift; sourceTree = "<group>"; };
		90BEE6E52410C96F00D6138C /* TicTacToe.app */ = {isa = PBXFileReference; explicitFileType = wrapper.application; includeInIndex = 0; path = TicTacToe.app; sourceTree = BUILT_PRODUCTS_DIR; };
		90BEE6E82410C96F00D6138C /* AppDelegate.swift */ = {isa = PBXFileReference; lastKnownFileType = sourcecode.swift; path = AppDelegate.swift; sourceTree = "<group>"; };
		90BEE6EA2410C96F00D6138C /* SceneDelegate.swift */ = {isa = PBXFileReference; lastKnownFileType = sourcecode.swift; path = SceneDelegate.swift; sourceTree = "<group>"; };
		90BEE6EF2410C96F00D6138C /* Base */ = {isa = PBXFileReference; lastKnownFileType = file.storyboard; name = Base; path = Base.lproj/Main.storyboard; sourceTree = "<group>"; };
		90BEE6F12410C98200D6138C /* Assets.xcassets */ = {isa = PBXFileReference; lastKnownFileType = folder.assetcatalog; path = Assets.xcassets; sourceTree = "<group>"; };
		90BEE6F42410C98200D6138C /* Base */ = {isa = PBXFileReference; lastKnownFileType = file.storyboard; name = Base; path = Base.lproj/LaunchScreen.storyboard; sourceTree = "<group>"; };
		90BEE6F62410C98200D6138C /* Info.plist */ = {isa = PBXFileReference; lastKnownFileType = text.plist.xml; path = Info.plist; sourceTree = "<group>"; };
		90BEE6FB2410C98200D6138C /* TicTacToeTests.xctest */ = {isa = PBXFileReference; explicitFileType = wrapper.cfbundle; includeInIndex = 0; path = TicTacToeTests.xctest; sourceTree = BUILT_PRODUCTS_DIR; };
		90BEE6FF2410C98200D6138C /* TicTacToeTests.swift */ = {isa = PBXFileReference; lastKnownFileType = sourcecode.swift; path = TicTacToeTests.swift; sourceTree = "<group>"; };
		90BEE7012410C98200D6138C /* Info.plist */ = {isa = PBXFileReference; lastKnownFileType = text.plist.xml; path = Info.plist; sourceTree = "<group>"; };
		90BEE7062410C98200D6138C /* TicTacToeUITests.xctest */ = {isa = PBXFileReference; explicitFileType = wrapper.cfbundle; includeInIndex = 0; path = TicTacToeUITests.xctest; sourceTree = BUILT_PRODUCTS_DIR; };
		90BEE70A2410C98200D6138C /* TicTacToeUITests.swift */ = {isa = PBXFileReference; lastKnownFileType = sourcecode.swift; path = TicTacToeUITests.swift; sourceTree = "<group>"; };
		90BEE70C2410C98200D6138C /* Info.plist */ = {isa = PBXFileReference; lastKnownFileType = text.plist.xml; path = Info.plist; sourceTree = "<group>"; };
		90BEE7182410DE3200D6138C /* HomeViewController.swift */ = {isa = PBXFileReference; lastKnownFileType = sourcecode.swift; path = HomeViewController.swift; sourceTree = "<group>"; };
		90BEE71A2410F93800D6138C /* TTTCell.swift */ = {isa = PBXFileReference; lastKnownFileType = sourcecode.swift; path = TTTCell.swift; sourceTree = "<group>"; };
		90BEE71C2410FB0E00D6138C /* TTTViewController.swift */ = {isa = PBXFileReference; lastKnownFileType = sourcecode.swift; path = TTTViewController.swift; sourceTree = "<group>"; };
/* End PBXFileReference section */

/* Begin PBXFrameworksBuildPhase section */
		90BEE6E22410C96F00D6138C /* Frameworks */ = {
			isa = PBXFrameworksBuildPhase;
			buildActionMask = 2147483647;
			files = (
			);
			runOnlyForDeploymentPostprocessing = 0;
		};
		90BEE6F82410C98200D6138C /* Frameworks */ = {
			isa = PBXFrameworksBuildPhase;
			buildActionMask = 2147483647;
			files = (
			);
			runOnlyForDeploymentPostprocessing = 0;
		};
		90BEE7032410C98200D6138C /* Frameworks */ = {
			isa = PBXFrameworksBuildPhase;
			buildActionMask = 2147483647;
			files = (
			);
			runOnlyForDeploymentPostprocessing = 0;
		};
/* End PBXFrameworksBuildPhase section */

/* Begin PBXGroup section */
		90BEE6DC2410C96F00D6138C = {
			isa = PBXGroup;
			children = (
				90BEE6E72410C96F00D6138C /* TicTacToe */,
				90BEE6FE2410C98200D6138C /* TicTacToeTests */,
				90BEE7092410C98200D6138C /* TicTacToeUITests */,
				90BEE6E62410C96F00D6138C /* Products */,
			);
			sourceTree = "<group>";
		};
		90BEE6E62410C96F00D6138C /* Products */ = {
			isa = PBXGroup;
			children = (
				90BEE6E52410C96F00D6138C /* TicTacToe.app */,
				90BEE6FB2410C98200D6138C /* TicTacToeTests.xctest */,
				90BEE7062410C98200D6138C /* TicTacToeUITests.xctest */,
			);
			name = Products;
			sourceTree = "<group>";
		};
		90BEE6E72410C96F00D6138C /* TicTacToe */ = {
			isa = PBXGroup;
			children = (
				90BEE6E82410C96F00D6138C /* AppDelegate.swift */,
				90BEE6EA2410C96F00D6138C /* SceneDelegate.swift */,
				90BEE6EE2410C96F00D6138C /* Main.storyboard */,
				90BEE6F12410C98200D6138C /* Assets.xcassets */,
				90BEE6F32410C98200D6138C /* LaunchScreen.storyboard */,
				90BEE6F62410C98200D6138C /* Info.plist */,
				90BEE7182410DE3200D6138C /* HomeViewController.swift */,
				90BEE71A2410F93800D6138C /* TTTCell.swift */,
				90BEE71C2410FB0E00D6138C /* TTTViewController.swift */,
				9029F9B824124D6600E5A8ED /* TicTacToeModel.swift */,
			);
			path = TicTacToe;
			sourceTree = "<group>";
		};
		90BEE6FE2410C98200D6138C /* TicTacToeTests */ = {
			isa = PBXGroup;
			children = (
				90BEE6FF2410C98200D6138C /* TicTacToeTests.swift */,
				90BEE7012410C98200D6138C /* Info.plist */,
			);
			path = TicTacToeTests;
			sourceTree = "<group>";
		};
		90BEE7092410C98200D6138C /* TicTacToeUITests */ = {
			isa = PBXGroup;
			children = (
				90BEE70A2410C98200D6138C /* TicTacToeUITests.swift */,
				90BEE70C2410C98200D6138C /* Info.plist */,
			);
			path = TicTacToeUITests;
			sourceTree = "<group>";
		};
/* End PBXGroup section */

/* Begin PBXNativeTarget section */
		90BEE6E42410C96F00D6138C /* TicTacToe */ = {
			isa = PBXNativeTarget;
			buildConfigurationList = 90BEE70F2410C98200D6138C /* Build configuration list for PBXNativeTarget "TicTacToe" */;
			buildPhases = (
				90BEE6E12410C96F00D6138C /* Sources */,
				90BEE6E22410C96F00D6138C /* Frameworks */,
				90BEE6E32410C96F00D6138C /* Resources */,
			);
			buildRules = (
			);
			dependencies = (
			);
			name = TicTacToe;
			productName = TicTacToe;
			productReference = 90BEE6E52410C96F00D6138C /* TicTacToe.app */;
			productType = "com.apple.product-type.application";
		};
		90BEE6FA2410C98200D6138C /* TicTacToeTests */ = {
			isa = PBXNativeTarget;
			buildConfigurationList = 90BEE7122410C98200D6138C /* Build configuration list for PBXNativeTarget "TicTacToeTests" */;
			buildPhases = (
				90BEE6F72410C98200D6138C /* Sources */,
				90BEE6F82410C98200D6138C /* Frameworks */,
				90BEE6F92410C98200D6138C /* Resources */,
			);
			buildRules = (
			);
			dependencies = (
				90BEE6FD2410C98200D6138C /* PBXTargetDependency */,
			);
			name = TicTacToeTests;
			productName = TicTacToeTests;
			productReference = 90BEE6FB2410C98200D6138C /* TicTacToeTests.xctest */;
			productType = "com.apple.product-type.bundle.unit-test";
		};
		90BEE7052410C98200D6138C /* TicTacToeUITests */ = {
			isa = PBXNativeTarget;
			buildConfigurationList = 90BEE7152410C98200D6138C /* Build configuration list for PBXNativeTarget "TicTacToeUITests" */;
			buildPhases = (
				90BEE7022410C98200D6138C /* Sources */,
				90BEE7032410C98200D6138C /* Frameworks */,
				90BEE7042410C98200D6138C /* Resources */,
			);
			buildRules = (
			);
			dependencies = (
				90BEE7082410C98200D6138C /* PBXTargetDependency */,
			);
			name = TicTacToeUITests;
			productName = TicTacToeUITests;
			productReference = 90BEE7062410C98200D6138C /* TicTacToeUITests.xctest */;
			productType = "com.apple.product-type.bundle.ui-testing";
		};
/* End PBXNativeTarget section */

/* Begin PBXProject section */
		90BEE6DD2410C96F00D6138C /* Project object */ = {
			isa = PBXProject;
			attributes = {
				LastSwiftUpdateCheck = 1130;
				LastUpgradeCheck = 1130;
				ORGANIZATIONNAME = "Ashutosh Dave";
				TargetAttributes = {
					90BEE6E42410C96F00D6138C = {
						CreatedOnToolsVersion = 11.3.1;
					};
					90BEE6FA2410C98200D6138C = {
						CreatedOnToolsVersion = 11.3.1;
						TestTargetID = 90BEE6E42410C96F00D6138C;
					};
					90BEE7052410C98200D6138C = {
						CreatedOnToolsVersion = 11.3.1;
						TestTargetID = 90BEE6E42410C96F00D6138C;
					};
				};
			};
			buildConfigurationList = 90BEE6E02410C96F00D6138C /* Build configuration list for PBXProject "TicTacToe" */;
			compatibilityVersion = "Xcode 9.3";
			developmentRegion = en;
			hasScannedForEncodings = 0;
			knownRegions = (
				en,
				Base,
			);
			mainGroup = 90BEE6DC2410C96F00D6138C;
			productRefGroup = 90BEE6E62410C96F00D6138C /* Products */;
			projectDirPath = "";
			projectRoot = "";
			targets = (
				90BEE6E42410C96F00D6138C /* TicTacToe */,
				90BEE6FA2410C98200D6138C /* TicTacToeTests */,
				90BEE7052410C98200D6138C /* TicTacToeUITests */,
			);
		};
/* End PBXProject section */

/* Begin PBXResourcesBuildPhase section */
		90BEE6E32410C96F00D6138C /* Resources */ = {
			isa = PBXResourcesBuildPhase;
			buildActionMask = 2147483647;
			files = (
				90BEE6F52410C98200D6138C /* LaunchScreen.storyboard in Resources */,
				90BEE6F22410C98200D6138C /* Assets.xcassets in Resources */,
				90BEE6F02410C96F00D6138C /* Main.storyboard in Resources */,
			);
			runOnlyForDeploymentPostprocessing = 0;
		};
		90BEE6F92410C98200D6138C /* Resources */ = {
			isa = PBXResourcesBuildPhase;
			buildActionMask = 2147483647;
			files = (
			);
			runOnlyForDeploymentPostprocessing = 0;
		};
		90BEE7042410C98200D6138C /* Resources */ = {
			isa = PBXResourcesBuildPhase;
			buildActionMask = 2147483647;
			files = (
			);
			runOnlyForDeploymentPostprocessing = 0;
		};
/* End PBXResourcesBuildPhase section */

/* Begin PBXSourcesBuildPhase section */
		90BEE6E12410C96F00D6138C /* Sources */ = {
			isa = PBXSourcesBuildPhase;
			buildActionMask = 2147483647;
			files = (
				9029F9B924124D6600E5A8ED /* TicTacToeModel.swift in Sources */,
				90BEE71B2410F93800D6138C /* TTTCell.swift in Sources */,
				90BEE71D2410FB0E00D6138C /* TTTViewController.swift in Sources */,
				90BEE6E92410C96F00D6138C /* AppDelegate.swift in Sources */,
				90BEE6EB2410C96F00D6138C /* SceneDelegate.swift in Sources */,
				90BEE7192410DE3200D6138C /* HomeViewController.swift in Sources */,
			);
			runOnlyForDeploymentPostprocessing = 0;
		};
		90BEE6F72410C98200D6138C /* Sources */ = {
			isa = PBXSourcesBuildPhase;
			buildActionMask = 2147483647;
			files = (
				90BEE7002410C98200D6138C /* TicTacToeTests.swift in Sources */,
			);
			runOnlyForDeploymentPostprocessing = 0;
		};
		90BEE7022410C98200D6138C /* Sources */ = {
			isa = PBXSourcesBuildPhase;
			buildActionMask = 2147483647;
			files = (
				90BEE70B2410C98200D6138C /* TicTacToeUITests.swift in Sources */,
			);
			runOnlyForDeploymentPostprocessing = 0;
		};
/* End PBXSourcesBuildPhase section */

/* Begin PBXTargetDependency section */
		90BEE6FD2410C98200D6138C /* PBXTargetDependency */ = {
			isa = PBXTargetDependency;
			target = 90BEE6E42410C96F00D6138C /* TicTacToe */;
			targetProxy = 90BEE6FC2410C98200D6138C /* PBXContainerItemProxy */;
		};
		90BEE7082410C98200D6138C /* PBXTargetDependency */ = {
			isa = PBXTargetDependency;
			target = 90BEE6E42410C96F00D6138C /* TicTacToe */;
			targetProxy = 90BEE7072410C98200D6138C /* PBXContainerItemProxy */;
		};
/* End PBXTargetDependency section */

/* Begin PBXVariantGroup section */
		90BEE6EE2410C96F00D6138C /* Main.storyboard */ = {
			isa = PBXVariantGroup;
			children = (
				90BEE6EF2410C96F00D6138C /* Base */,
			);
			name = Main.storyboard;
			sourceTree = "<group>";
		};
		90BEE6F32410C98200D6138C /* LaunchScreen.storyboard */ = {
			isa = PBXVariantGroup;
			children = (
				90BEE6F42410C98200D6138C /* Base */,
			);
			name = LaunchScreen.storyboard;
			sourceTree = "<group>";
		};
/* End PBXVariantGroup section */

/* Begin XCBuildConfiguration section */
		90BEE70D2410C98200D6138C /* Debug */ = {
			isa = XCBuildConfiguration;
			buildSettings = {
				ALWAYS_SEARCH_USER_PATHS = NO;
				CLANG_ANALYZER_NONNULL = YES;
				CLANG_ANALYZER_NUMBER_OBJECT_CONVERSION = YES_AGGRESSIVE;
				CLANG_CXX_LANGUAGE_STANDARD = "gnu++14";
				CLANG_CXX_LIBRARY = "libc++";
				CLANG_ENABLE_MODULES = YES;
				CLANG_ENABLE_OBJC_ARC = YES;
				CLANG_ENABLE_OBJC_WEAK = YES;
				CLANG_WARN_BLOCK_CAPTURE_AUTORELEASING = YES;
				CLANG_WARN_BOOL_CONVERSION = YES;
				CLANG_WARN_COMMA = YES;
				CLANG_WARN_CONSTANT_CONVERSION = YES;
				CLANG_WARN_DEPRECATED_OBJC_IMPLEMENTATIONS = YES;
				CLANG_WARN_DIRECT_OBJC_ISA_USAGE = YES_ERROR;
				CLANG_WARN_DOCUMENTATION_COMMENTS = YES;
				CLANG_WARN_EMPTY_BODY = YES;
				CLANG_WARN_ENUM_CONVERSION = YES;
				CLANG_WARN_INFINITE_RECURSION = YES;
				CLANG_WARN_INT_CONVERSION = YES;
				CLANG_WARN_NON_LITERAL_NULL_CONVERSION = YES;
				CLANG_WARN_OBJC_IMPLICIT_RETAIN_SELF = YES;
				CLANG_WARN_OBJC_LITERAL_CONVERSION = YES;
				CLANG_WARN_OBJC_ROOT_CLASS = YES_ERROR;
				CLANG_WARN_RANGE_LOOP_ANALYSIS = YES;
				CLANG_WARN_STRICT_PROTOTYPES = YES;
				CLANG_WARN_SUSPICIOUS_MOVE = YES;
				CLANG_WARN_UNGUARDED_AVAILABILITY = YES_AGGRESSIVE;
				CLANG_WARN_UNREACHABLE_CODE = YES;
				CLANG_WARN__DUPLICATE_METHOD_MATCH = YES;
				COPY_PHASE_STRIP = NO;
				DEBUG_INFORMATION_FORMAT = dwarf;
				ENABLE_STRICT_OBJC_MSGSEND = YES;
				ENABLE_TESTABILITY = YES;
				GCC_C_LANGUAGE_STANDARD = gnu11;
				GCC_DYNAMIC_NO_PIC = NO;
				GCC_NO_COMMON_BLOCKS = YES;
				GCC_OPTIMIZATION_LEVEL = 0;
				GCC_PREPROCESSOR_DEFINITIONS = (
					"DEBUG=1",
					"$(inherited)",
				);
				GCC_WARN_64_TO_32_BIT_CONVERSION = YES;
				GCC_WARN_ABOUT_RETURN_TYPE = YES_ERROR;
				GCC_WARN_UNDECLARED_SELECTOR = YES;
				GCC_WARN_UNINITIALIZED_AUTOS = YES_AGGRESSIVE;
				GCC_WARN_UNUSED_FUNCTION = YES;
				GCC_WARN_UNUSED_VARIABLE = YES;
				IPHONEOS_DEPLOYMENT_TARGET = 13.2;
				MTL_ENABLE_DEBUG_INFO = INCLUDE_SOURCE;
				MTL_FAST_MATH = YES;
				ONLY_ACTIVE_ARCH = YES;
				SDKROOT = iphoneos;
				SWIFT_ACTIVE_COMPILATION_CONDITIONS = DEBUG;
				SWIFT_OPTIMIZATION_LEVEL = "-Onone";
			};
			name = Debug;
		};
		90BEE70E2410C98200D6138C /* Release */ = {
			isa = XCBuildConfiguration;
			buildSettings = {
				ALWAYS_SEARCH_USER_PATHS = NO;
				CLANG_ANALYZER_NONNULL = YES;
				CLANG_ANALYZER_NUMBER_OBJECT_CONVERSION = YES_AGGRESSIVE;
				CLANG_CXX_LANGUAGE_STANDARD = "gnu++14";
				CLANG_CXX_LIBRARY = "libc++";
				CLANG_ENABLE_MODULES = YES;
				CLANG_ENABLE_OBJC_ARC = YES;
				CLANG_ENABLE_OBJC_WEAK = YES;
				CLANG_WARN_BLOCK_CAPTURE_AUTORELEASING = YES;
				CLANG_WARN_BOOL_CONVERSION = YES;
				CLANG_WARN_COMMA = YES;
				CLANG_WARN_CONSTANT_CONVERSION = YES;
				CLANG_WARN_DEPRECATED_OBJC_IMPLEMENTATIONS = YES;
				CLANG_WARN_DIRECT_OBJC_ISA_USAGE = YES_ERROR;
				CLANG_WARN_DOCUMENTATION_COMMENTS = YES;
				CLANG_WARN_EMPTY_BODY = YES;
				CLANG_WARN_ENUM_CONVERSION = YES;
				CLANG_WARN_INFINITE_RECURSION = YES;
				CLANG_WARN_INT_CONVERSION = YES;
				CLANG_WARN_NON_LITERAL_NULL_CONVERSION = YES;
				CLANG_WARN_OBJC_IMPLICIT_RETAIN_SELF = YES;
				CLANG_WARN_OBJC_LITERAL_CONVERSION = YES;
				CLANG_WARN_OBJC_ROOT_CLASS = YES_ERROR;
				CLANG_WARN_RANGE_LOOP_ANALYSIS = YES;
				CLANG_WARN_STRICT_PROTOTYPES = YES;
				CLANG_WARN_SUSPICIOUS_MOVE = YES;
				CLANG_WARN_UNGUARDED_AVAILABILITY = YES_AGGRESSIVE;
				CLANG_WARN_UNREACHABLE_CODE = YES;
				CLANG_WARN__DUPLICATE_METHOD_MATCH = YES;
				COPY_PHASE_STRIP = NO;
				DEBUG_INFORMATION_FORMAT = "dwarf-with-dsym";
				ENABLE_NS_ASSERTIONS = NO;
				ENABLE_STRICT_OBJC_MSGSEND = YES;
				GCC_C_LANGUAGE_STANDARD = gnu11;
				GCC_NO_COMMON_BLOCKS = YES;
				GCC_WARN_64_TO_32_BIT_CONVERSION = YES;
				GCC_WARN_ABOUT_RETURN_TYPE = YES_ERROR;
				GCC_WARN_UNDECLARED_SELECTOR = YES;
				GCC_WARN_UNINITIALIZED_AUTOS = YES_AGGRESSIVE;
				GCC_WARN_UNUSED_FUNCTION = YES;
				GCC_WARN_UNUSED_VARIABLE = YES;
				IPHONEOS_DEPLOYMENT_TARGET = 13.2;
				MTL_ENABLE_DEBUG_INFO = NO;
				MTL_FAST_MATH = YES;
				SDKROOT = iphoneos;
				SWIFT_COMPILATION_MODE = wholemodule;
				SWIFT_OPTIMIZATION_LEVEL = "-O";
				VALIDATE_PRODUCT = YES;
			};
			name = Release;
		};
		90BEE7102410C98200D6138C /* Debug */ = {
			isa = XCBuildConfiguration;
			buildSettings = {
				ASSETCATALOG_COMPILER_APPICON_NAME = AppIcon;
				CODE_SIGN_STYLE = Automatic;
				DEVELOPMENT_TEAM = K47M74PBNB;
				INFOPLIST_FILE = TicTacToe/Info.plist;
				IPHONEOS_DEPLOYMENT_TARGET = 12.3;
				LD_RUNPATH_SEARCH_PATHS = (
					"$(inherited)",
					"@executable_path/Frameworks",
				);
				PRODUCT_BUNDLE_IDENTIFIER = com.ashutosh.demo;
				PRODUCT_NAME = "$(TARGET_NAME)";
				SWIFT_VERSION = 5.0;
				TARGETED_DEVICE_FAMILY = "1,2";
			};
			name = Debug;
		};
		90BEE7112410C98200D6138C /* Release */ = {
			isa = XCBuildConfiguration;
			buildSettings = {
				ASSETCATALOG_COMPILER_APPICON_NAME = AppIcon;
				CODE_SIGN_STYLE = Automatic;
				DEVELOPMENT_TEAM = K47M74PBNB;
				INFOPLIST_FILE = TicTacToe/Info.plist;
				IPHONEOS_DEPLOYMENT_TARGET = 12.3;
				LD_RUNPATH_SEARCH_PATHS = (
					"$(inherited)",
					"@executable_path/Frameworks",
				);
				PRODUCT_BUNDLE_IDENTIFIER = com.ashutosh.demo;
				PRODUCT_NAME = "$(TARGET_NAME)";
				SWIFT_VERSION = 5.0;
				TARGETED_DEVICE_FAMILY = "1,2";
			};
			name = Release;
		};
		90BEE7132410C98200D6138C /* Debug */ = {
			isa = XCBuildConfiguration;
			buildSettings = {
				ALWAYS_EMBED_SWIFT_STANDARD_LIBRARIES = YES;
				BUNDLE_LOADER = "$(TEST_HOST)";
				CODE_SIGN_STYLE = Automatic;
				DEVELOPMENT_TEAM = K47M74PBNB;
				INFOPLIST_FILE = TicTacToeTests/Info.plist;
				IPHONEOS_DEPLOYMENT_TARGET = 13.2;
				LD_RUNPATH_SEARCH_PATHS = (
					"$(inherited)",
					"@executable_path/Frameworks",
					"@loader_path/Frameworks",
				);
				PRODUCT_BUNDLE_IDENTIFIER = com.ashutosh.TicTacToeTests;
				PRODUCT_NAME = "$(TARGET_NAME)";
				SWIFT_VERSION = 5.0;
				TARGETED_DEVICE_FAMILY = "1,2";
				TEST_HOST = "$(BUILT_PRODUCTS_DIR)/TicTacToe.app/TicTacToe";
			};
			name = Debug;
		};
		90BEE7142410C98200D6138C /* Release */ = {
			isa = XCBuildConfiguration;
			buildSettings = {
				ALWAYS_EMBED_SWIFT_STANDARD_LIBRARIES = YES;
				BUNDLE_LOADER = "$(TEST_HOST)";
				CODE_SIGN_STYLE = Automatic;
				DEVELOPMENT_TEAM = K47M74PBNB;
				INFOPLIST_FILE = TicTacToeTests/Info.plist;
				IPHONEOS_DEPLOYMENT_TARGET = 13.2;
				LD_RUNPATH_SEARCH_PATHS = (
					"$(inherited)",
					"@executable_path/Frameworks",
					"@loader_path/Frameworks",
				);
				PRODUCT_BUNDLE_IDENTIFIER = com.ashutosh.TicTacToeTests;
				PRODUCT_NAME = "$(TARGET_NAME)";
				SWIFT_VERSION = 5.0;
				TARGETED_DEVICE_FAMILY = "1,2";
				TEST_HOST = "$(BUILT_PRODUCTS_DIR)/TicTacToe.app/TicTacToe";
			};
			name = Release;
		};
		90BEE7162410C98200D6138C /* Debug */ = {
			isa = XCBuildConfiguration;
			buildSettings = {
				ALWAYS_EMBED_SWIFT_STANDARD_LIBRARIES = YES;
				CODE_SIGN_STYLE = Automatic;
				DEVELOPMENT_TEAM = K47M74PBNB;
				INFOPLIST_FILE = TicTacToeUITests/Info.plist;
				LD_RUNPATH_SEARCH_PATHS = (
					"$(inherited)",
					"@executable_path/Frameworks",
					"@loader_path/Frameworks",
				);
				PRODUCT_BUNDLE_IDENTIFIER = com.ashutosh.TicTacToeUITests;
				PRODUCT_NAME = "$(TARGET_NAME)";
				SWIFT_VERSION = 5.0;
				TARGETED_DEVICE_FAMILY = "1,2";
				TEST_TARGET_NAME = TicTacToe;
			};
			name = Debug;
		};
		90BEE7172410C98200D6138C /* Release */ = {
			isa = XCBuildConfiguration;
			buildSettings = {
				ALWAYS_EMBED_SWIFT_STANDARD_LIBRARIES = YES;
				CODE_SIGN_STYLE = Automatic;
				DEVELOPMENT_TEAM = K47M74PBNB;
				INFOPLIST_FILE = TicTacToeUITests/Info.plist;
				LD_RUNPATH_SEARCH_PATHS = (
					"$(inherited)",
					"@executable_path/Frameworks",
					"@loader_path/Frameworks",
				);
				PRODUCT_BUNDLE_IDENTIFIER = com.ashutosh.TicTacToeUITests;
				PRODUCT_NAME = "$(TARGET_NAME)";
				SWIFT_VERSION = 5.0;
				TARGETED_DEVICE_FAMILY = "1,2";
				TEST_TARGET_NAME = TicTacToe;
			};
			name = Release;
		};
/* End XCBuildConfiguration section */

/* Begin XCConfigurationList section */
		90BEE6E02410C96F00D6138C /* Build configuration list for PBXProject "TicTacToe" */ = {
			isa = XCConfigurationList;
			buildConfigurations = (
				90BEE70D2410C98200D6138C /* Debug */,
				90BEE70E2410C98200D6138C /* Release */,
			);
			defaultConfigurationIsVisible = 0;
			defaultConfigurationName = Release;
		};
		90BEE70F2410C98200D6138C /* Build configuration list for PBXNativeTarget "TicTacToe" */ = {
			isa = XCConfigurationList;
			buildConfigurations = (
				90BEE7102410C98200D6138C /* Debug */,
				90BEE7112410C98200D6138C /* Release */,
			);
			defaultConfigurationIsVisible = 0;
			defaultConfigurationName = Release;
		};
		90BEE7122410C98200D6138C /* Build configuration list for PBXNativeTarget "TicTacToeTests" */ = {
			isa = XCConfigurationList;
			buildConfigurations = (
				90BEE7132410C98200D6138C /* Debug */,
				90BEE7142410C98200D6138C /* Release */,
			);
			defaultConfigurationIsVisible = 0;
			defaultConfigurationName = Release;
		};
		90BEE7152410C98200D6138C /* Build configuration list for PBXNativeTarget "TicTacToeUITests" */ = {
			isa = XCConfigurationList;
			buildConfigurations = (
				90BEE7162410C98200D6138C /* Debug */,
				90BEE7172410C98200D6138C /* Release */,
			);
			defaultConfigurationIsVisible = 0;
			defaultConfigurationName = Release;
		};
/* End XCConfigurationList section */
	};
	rootObject = 90BEE6DD2410C96F00D6138C /* Project object */;
}
